
Microsoft Visual Studio Solution File, Format Version 12.00
# Visual Studio Version 17
VisualStudioVersion = 17.6.33723.286
MinimumVisualStudioVersion = 10.0.40219.1
Project("{FAE04EC0-301F-11D3-BF4B-00C04F79EFBC}") = "PaymentGatewayAPI", "PaymentGatewayAPI.csproj", "{2AD1DEBD-9F81-463C-8551-82F7ED635E9F}"
EndProject
Global
	GlobalSection(SolutionConfigurationPlatforms) = preSolution
		Debug|Any CPU = Debug|Any CPU
		Release|Any CPU = Release|Any CPU
	EndGlobalSection
	GlobalSection(ProjectConfigurationPlatforms) = postSolution
		{2AD1DEBD-9F81-463C-8551-82F7ED635E9F}.Debug|Any CPU.ActiveCfg = Debug|Any CPU
		{2AD1DEBD-9F81-463C-8551-82F7ED635E9F}.Debug|Any CPU.Build.0 = Debug|Any CPU
		{2AD1DEBD-9F81-463C-8551-82F7ED635E9F}.Release|Any CPU.ActiveCfg = Release|Any CPU
		{2AD1DEBD-9F81-463C-8551-82F7ED635E9F}.Release|Any CPU.Build.0 = Release|Any CPU
	EndGlobalSection
	GlobalSection(SolutionProperties) = preSolution
		HideSolutionNode = FALSE
	EndGlobalSection
	GlobalSection(ExtensibilityGlobals) = postSolution
		SolutionGuid = {25E148D6-E591-4655-841D-DDA686C61E97}
	EndGlobalSection
EndGlobal
